
Microsoft Visual Studio Solution File, Format Version 12.00
# Visual Studio Version 17
VisualStudioVersion = 17.5.33530.505
MinimumVisualStudioVersion = 10.0.40219.1
Project("{FAE04EC0-301F-11D3-BF4B-00C04F79EFBC}") = "ECommerce.API", "ECommerce.API\ECommerce.API.csproj", "{BEA09A81-81F5-4F35-A1B6-0A4388A4E1B7}"
EndProject
Global
	GlobalSection(SolutionConfigurationPlatforms) = preSolution
		Debug|Any CPU = Debug|Any CPU
		Release|Any CPU = Release|Any CPU
	EndGlobalSection
	GlobalSection(ProjectConfigurationPlatforms) = postSolution
		{BEA09A81-81F5-4F35-A1B6-0A4388A4E1B7}.Debug|Any CPU.ActiveCfg = Debug|Any CPU
		{BEA09A81-81F5-4F35-A1B6-0A4388A4E1B7}.Debug|Any CPU.Build.0 = Debug|Any CPU
		{BEA09A81-81F5-4F35-A1B6-0A4388A4E1B7}.Release|Any CPU.ActiveCfg = Release|Any CPU
		{BEA09A81-81F5-4F35-A1B6-0A4388A4E1B7}.Release|Any CPU.Build.0 = Release|Any CPU
	EndGlobalSection
	GlobalSection(SolutionProperties) = preSolution
		HideSolutionNode = FALSE
	EndGlobalSection
	GlobalSection(ExtensibilityGlobals) = postSolution
		SolutionGuid = {6481EE3F-F507-4A82-8B23-BEBA16AB7DA0}
	EndGlobalSection
EndGlobal
